{
  "originHash" : "64873345a5169747cc964b8fd061e678ed7bd9fcb4932730d248194448e9a4fb",
  "pins" : [
    {
      "identity" : "bbqr-swift",
      "kind" : "remoteSourceControl",
      "location" : "https://github.com/bitcoinppl/bbqr-swift",
      "state" : {
        "revision" : "e7d23eca751aa53d6f66a6f88b197d151626547c",
        "version" : "0.3.1"
      }
    }
  ],
  "version" : 3
}
