// !$*UTF8*$!
{
	archiveVersion = 1;
	classes = {
	};
	objectVersion = 60;
	objects = {

/* Begin PBXBuildFile section */
		ACE1ABDF2C16325400EBF20C /* BBQrDemoApp.swift in Sources */ = {isa = PBXBuildFile; fileRef = ACE1ABDE2C16325400EBF20C /* BBQrDemoApp.swift */; };
		ACE1ABE12C16325400EBF20C /* ContentView.swift in Sources */ = {isa = PBXBuildFile; fileRef = ACE1ABE02C16325400EBF20C /* ContentView.swift */; };
		ACE1ABE32C16325500EBF20C /* Assets.xcassets in Resources */ = {isa = PBXBuildFile; fileRef = ACE1ABE22C16325500EBF20C /* Assets.xcassets */; };
		ACE1ABE62C16325500EBF20C /* Preview Assets.xcassets in Resources */ = {isa = PBXBuildFile; fileRef = ACE1ABE52C16325500EBF20C /* Preview Assets.xcassets */; };
		ACE1ABF02C16325500EBF20C /* BBQrDemoTests.swift in Sources */ = {isa = PBXBuildFile; fileRef = ACE1ABEF2C16325500EBF20C /* BBQrDemoTests.swift */; };
		ACE1ABFA2C16325500EBF20C /* BBQrDemoUITests.swift in Sources */ = {isa = PBXBuildFile; fileRef = ACE1ABF92C16325500EBF20C /* BBQrDemoUITests.swift */; };
		ACE1ABFC2C16325500EBF20C /* BBQrDemoUITestsLaunchTests.swift in Sources */ = {isa = PBXBuildFile; fileRef = ACE1ABFB2C16325500EBF20C /* BBQrDemoUITestsLaunchTests.swift */; };
		ACE1AC0A2C16326900EBF20C /* Bbqr in Frameworks */ = {isa = PBXBuildFile; productRef = ACE1AC092C16326900EBF20C /* Bbqr */; };
/* End PBXBuildFile section */

/* Begin PBXContainerItemProxy section */
		ACE1ABEC2C16325500EBF20C /* PBXContainerItemProxy */ = {
			isa = PBXContainerItemProxy;
			containerPortal = ACE1ABD32C16325400EBF20C /* Project object */;
			proxyType = 1;
			remoteGlobalIDString = ACE1ABDA2C16325400EBF20C;
			remoteInfo = BBQrDemo;
		};
		ACE1ABF62C16325500EBF20C /* PBXContainerItemProxy */ = {
			isa = PBXContainerItemProxy;
			containerPortal = ACE1ABD32C16325400EBF20C /* Project object */;
			proxyType = 1;
			remoteGlobalIDString = ACE1ABDA2C16325400EBF20C;
			remoteInfo = BBQrDemo;
		};
/* End PBXContainerItemProxy section */

/* Begin PBXFileReference section */
		ACE1ABDB2C16325400EBF20C /* BBQrDemo.app */ = {isa = PBXFileReference; explicitFileType = wrapper.application; includeInIndex = 0; path = BBQrDemo.app; sourceTree = BUILT_PRODUCTS_DIR; };
		ACE1ABDE2C16325400EBF20C /* BBQrDemoApp.swift */ = {isa = PBXFileReference; lastKnownFileType = sourcecode.swift; path = BBQrDemoApp.swift; sourceTree = "<group>"; };
		ACE1ABE02C16325400EBF20C /* ContentView.swift */ = {isa = PBXFileReference; lastKnownFileType = sourcecode.swift; path = ContentView.swift; sourceTree = "<group>"; };
		ACE1ABE22C16325500EBF20C /* Assets.xcassets */ = {isa = PBXFileReference; lastKnownFileType = folder.assetcatalog; path = Assets.xcassets; sourceTree = "<group>"; };
		ACE1ABE52C16325500EBF20C /* Preview Assets.xcassets */ = {isa = PBXFileReference; lastKnownFileType = folder.assetcatalog; path = "Preview Assets.xcassets"; sourceTree = "<group>"; };
		ACE1ABEB2C16325500EBF20C /* BBQrDemoTests.xctest */ = {isa = PBXFileReference; explicitFileType = wrapper.cfbundle; includeInIndex = 0; path = BBQrDemoTests.xctest; sourceTree = BUILT_PRODUCTS_DIR; };
		ACE1ABEF2C16325500EBF20C /* BBQrDemoTests.swift */ = {isa = PBXFileReference; lastKnownFileType = sourcecode.swift; path = BBQrDemoTests.swift; sourceTree = "<group>"; };
		ACE1ABF52C16325500EBF20C /* BBQrDemoUITests.xctest */ = {isa = PBXFileReference; explicitFileType = wrapper.cfbundle; includeInIndex = 0; path = BBQrDemoUITests.xctest; sourceTree = BUILT_PRODUCTS_DIR; };
		ACE1ABF92C16325500EBF20C /* BBQrDemoUITests.swift */ = {isa = PBXFileReference; lastKnownFileType = sourcecode.swift; path = BBQrDemoUITests.swift; sourceTree = "<group>"; };
		ACE1ABFB2C16325500EBF20C /* BBQrDemoUITestsLaunchTests.swift */ = {isa = PBXFileReference; lastKnownFileType = sourcecode.swift; path = BBQrDemoUITestsLaunchTests.swift; sourceTree = "<group>"; };
/* End PBXFileReference section */

/* Begin PBXFrameworksBuildPhase section */
		ACE1ABD82C16325400EBF20C /* Frameworks */ = {
			isa = PBXFrameworksBuildPhase;
			buildActionMask = 2147483647;
			files = (
				ACE1AC0A2C16326900EBF20C /* Bbqr in Frameworks */,
			);
			runOnlyForDeploymentPostprocessing = 0;
		};
		ACE1ABE82C16325500EBF20C /* Frameworks */ = {
			isa = PBXFrameworksBuildPhase;
			buildActionMask = 2147483647;
			files = (
			);
			runOnlyForDeploymentPostprocessing = 0;
		};
		ACE1ABF22C16325500EBF20C /* Frameworks */ = {
			isa = PBXFrameworksBuildPhase;
			buildActionMask = 2147483647;
			files = (
			);
			runOnlyForDeploymentPostprocessing = 0;
		};
/* End PBXFrameworksBuildPhase section */

/* Begin PBXGroup section */
		ACE1ABD22C16325400EBF20C = {
			isa = PBXGroup;
			children = (
				ACE1ABDD2C16325400EBF20C /* BBQrDemo */,
				ACE1ABEE2C16325500EBF20C /* BBQrDemoTests */,
				ACE1ABF82C16325500EBF20C /* BBQrDemoUITests */,
				ACE1ABDC2C16325400EBF20C /* Products */,
			);
			sourceTree = "<group>";
		};
		ACE1ABDC2C16325400EBF20C /* Products */ = {
			isa = PBXGroup;
			children = (
				ACE1ABDB2C16325400EBF20C /* BBQrDemo.app */,
				ACE1ABEB2C16325500EBF20C /* BBQrDemoTests.xctest */,
				ACE1ABF52C16325500EBF20C /* BBQrDemoUITests.xctest */,
			);
			name = Products;
			sourceTree = "<group>";
		};
		ACE1ABDD2C16325400EBF20C /* BBQrDemo */ = {
			isa = PBXGroup;
			children = (
				ACE1ABDE2C16325400EBF20C /* BBQrDemoApp.swift */,
				ACE1ABE02C16325400EBF20C /* ContentView.swift */,
				ACE1ABE22C16325500EBF20C /* Assets.xcassets */,
				ACE1ABE42C16325500EBF20C /* Preview Content */,
			);
			path = BBQrDemo;
			sourceTree = "<group>";
		};
		ACE1ABE42C16325500EBF20C /* Preview Content */ = {
			isa = PBXGroup;
			children = (
				ACE1ABE52C16325500EBF20C /* Preview Assets.xcassets */,
			);
			path = "Preview Content";
			sourceTree = "<group>";
		};
		ACE1ABEE2C16325500EBF20C /* BBQrDemoTests */ = {
			isa = PBXGroup;
			children = (
				ACE1ABEF2C16325500EBF20C /* BBQrDemoTests.swift */,
			);
			path = BBQrDemoTests;
			sourceTree = "<group>";
		};
		ACE1ABF82C16325500EBF20C /* BBQrDemoUITests */ = {
			isa = PBXGroup;
			children = (
				ACE1ABF92C16325500EBF20C /* BBQrDemoUITests.swift */,
				ACE1ABFB2C16325500EBF20C /* BBQrDemoUITestsLaunchTests.swift */,
			);
			path = BBQrDemoUITests;
			sourceTree = "<group>";
		};
/* End PBXGroup section */

/* Begin PBXNativeTarget section */
		ACE1ABDA2C16325400EBF20C /* BBQrDemo */ = {
			isa = PBXNativeTarget;
			buildConfigurationList = ACE1ABFF2C16325500EBF20C /* Build configuration list for PBXNativeTarget "BBQrDemo" */;
			buildPhases = (
				ACE1ABD72C16325400EBF20C /* Sources */,
				ACE1ABD82C16325400EBF20C /* Frameworks */,
				ACE1ABD92C16325400EBF20C /* Resources */,
			);
			buildRules = (
			);
			dependencies = (
			);
			name = BBQrDemo;
			packageProductDependencies = (
				ACE1AC092C16326900EBF20C /* Bbqr */,
			);
			productName = BBQrDemo;
			productReference = ACE1ABDB2C16325400EBF20C /* BBQrDemo.app */;
			productType = "com.apple.product-type.application";
		};
		ACE1ABEA2C16325500EBF20C /* BBQrDemoTests */ = {
			isa = PBXNativeTarget;
			buildConfigurationList = ACE1AC022C16325500EBF20C /* Build configuration list for PBXNativeTarget "BBQrDemoTests" */;
			buildPhases = (
				ACE1ABE72C16325500EBF20C /* Sources */,
				ACE1ABE82C16325500EBF20C /* Frameworks */,
				ACE1ABE92C16325500EBF20C /* Resources */,
			);
			buildRules = (
			);
			dependencies = (
				ACE1ABED2C16325500EBF20C /* PBXTargetDependency */,
			);
			name = BBQrDemoTests;
			productName = BBQrDemoTests;
			productReference = ACE1ABEB2C16325500EBF20C /* BBQrDemoTests.xctest */;
			productType = "com.apple.product-type.bundle.unit-test";
		};
		ACE1ABF42C16325500EBF20C /* BBQrDemoUITests */ = {
			isa = PBXNativeTarget;
			buildConfigurationList = ACE1AC052C16325500EBF20C /* Build configuration list for PBXNativeTarget "BBQrDemoUITests" */;
			buildPhases = (
				ACE1ABF12C16325500EBF20C /* Sources */,
				ACE1ABF22C16325500EBF20C /* Frameworks */,
				ACE1ABF32C16325500EBF20C /* Resources */,
			);
			buildRules = (
			);
			dependencies = (
				ACE1ABF72C16325500EBF20C /* PBXTargetDependency */,
			);
			name = BBQrDemoUITests;
			productName = BBQrDemoUITests;
			productReference = ACE1ABF52C16325500EBF20C /* BBQrDemoUITests.xctest */;
			productType = "com.apple.product-type.bundle.ui-testing";
		};
/* End PBXNativeTarget section */

/* Begin PBXProject section */
		ACE1ABD32C16325400EBF20C /* Project object */ = {
			isa = PBXProject;
			attributes = {
				BuildIndependentTargetsInParallel = 1;
				LastSwiftUpdateCheck = 1540;
				LastUpgradeCheck = 1540;
				TargetAttributes = {
					ACE1ABDA2C16325400EBF20C = {
						CreatedOnToolsVersion = 15.4;
					};
					ACE1ABEA2C16325500EBF20C = {
						CreatedOnToolsVersion = 15.4;
						TestTargetID = ACE1ABDA2C16325400EBF20C;
					};
					ACE1ABF42C16325500EBF20C = {
						CreatedOnToolsVersion = 15.4;
						TestTargetID = ACE1ABDA2C16325400EBF20C;
					};
				};
			};
			buildConfigurationList = ACE1ABD62C16325400EBF20C /* Build configuration list for PBXProject "BBQrDemo" */;
			compatibilityVersion = "Xcode 14.0";
			developmentRegion = en;
			hasScannedForEncodings = 0;
			knownRegions = (
				en,
				Base,
			);
			mainGroup = ACE1ABD22C16325400EBF20C;
			packageReferences = (
				ACE1AC082C16326900EBF20C /* XCLocalSwiftPackageReference "../../../bbqr-swift" */,
			);
			productRefGroup = ACE1ABDC2C16325400EBF20C /* Products */;
			projectDirPath = "";
			projectRoot = "";
			targets = (
				ACE1ABDA2C16325400EBF20C /* BBQrDemo */,
				ACE1ABEA2C16325500EBF20C /* BBQrDemoTests */,
				ACE1ABF42C16325500EBF20C /* BBQrDemoUITests */,
			);
		};
/* End PBXProject section */

/* Begin PBXResourcesBuildPhase section */
		ACE1ABD92C16325400EBF20C /* Resources */ = {
			isa = PBXResourcesBuildPhase;
			buildActionMask = 2147483647;
			files = (
				ACE1ABE62C16325500EBF20C /* Preview Assets.xcassets in Resources */,
				ACE1ABE32C16325500EBF20C /* Assets.xcassets in Resources */,
			);
			runOnlyForDeploymentPostprocessing = 0;
		};
		ACE1ABE92C16325500EBF20C /* Resources */ = {
			isa = PBXResourcesBuildPhase;
			buildActionMask = 2147483647;
			files = (
			);
			runOnlyForDeploymentPostprocessing = 0;
		};
		ACE1ABF32C16325500EBF20C /* Resources */ = {
			isa = PBXResourcesBuildPhase;
			buildActionMask = 2147483647;
			files = (
			);
			runOnlyForDeploymentPostprocessing = 0;
		};
/* End PBXResourcesBuildPhase section */

/* Begin PBXSourcesBuildPhase section */
		ACE1ABD72C16325400EBF20C /* Sources */ = {
			isa = PBXSourcesBuildPhase;
			buildActionMask = 2147483647;
			files = (
				ACE1ABE12C16325400EBF20C /* ContentView.swift in Sources */,
				ACE1ABDF2C16325400EBF20C /* BBQrDemoApp.swift in Sources */,
			);
			runOnlyForDeploymentPostprocessing = 0;
		};
		ACE1ABE72C16325500EBF20C /* Sources */ = {
			isa = PBXSourcesBuildPhase;
			buildActionMask = 2147483647;
			files = (
				ACE1ABF02C16325500EBF20C /* BBQrDemoTests.swift in Sources */,
			);
			runOnlyForDeploymentPostprocessing = 0;
		};
		ACE1ABF12C16325500EBF20C /* Sources */ = {
			isa = PBXSourcesBuildPhase;
			buildActionMask = 2147483647;
			files = (
				ACE1ABFC2C16325500EBF20C /* BBQrDemoUITestsLaunchTests.swift in Sources */,
				ACE1ABFA2C16325500EBF20C /* BBQrDemoUITests.swift in Sources */,
			);
			runOnlyForDeploymentPostprocessing = 0;
		};
/* End PBXSourcesBuildPhase section */

/* Begin PBXTargetDependency section */
		ACE1ABED2C16325500EBF20C /* PBXTargetDependency */ = {
			isa = PBXTargetDependency;
			target = ACE1ABDA2C16325400EBF20C /* BBQrDemo */;
			targetProxy = ACE1ABEC2C16325500EBF20C /* PBXContainerItemProxy */;
		};
		ACE1ABF72C16325500EBF20C /* PBXTargetDependency */ = {
			isa = PBXTargetDependency;
			target = ACE1ABDA2C16325400EBF20C /* BBQrDemo */;
			targetProxy = ACE1ABF62C16325500EBF20C /* PBXContainerItemProxy */;
		};
/* End PBXTargetDependency section */

/* Begin XCBuildConfiguration section */
		ACE1ABFD2C16325500EBF20C /* Debug */ = {
			isa = XCBuildConfiguration;
			buildSettings = {
				ALWAYS_SEARCH_USER_PATHS = NO;
				ASSETCATALOG_COMPILER_GENERATE_SWIFT_ASSET_SYMBOL_EXTENSIONS = YES;
				CLANG_ANALYZER_NONNULL = YES;
				CLANG_ANALYZER_NUMBER_OBJECT_CONVERSION = YES_AGGRESSIVE;
				CLANG_CXX_LANGUAGE_STANDARD = "gnu++20";
				CLANG_ENABLE_MODULES = YES;
				CLANG_ENABLE_OBJC_ARC = YES;
				CLANG_ENABLE_OBJC_WEAK = YES;
				CLANG_WARN_BLOCK_CAPTURE_AUTORELEASING = YES;
				CLANG_WARN_BOOL_CONVERSION = YES;
				CLANG_WARN_COMMA = YES;
				CLANG_WARN_CONSTANT_CONVERSION = YES;
				CLANG_WARN_DEPRECATED_OBJC_IMPLEMENTATIONS = YES;
				CLANG_WARN_DIRECT_OBJC_ISA_USAGE = YES_ERROR;
				CLANG_WARN_DOCUMENTATION_COMMENTS = YES;
				CLANG_WARN_EMPTY_BODY = YES;
				CLANG_WARN_ENUM_CONVERSION = YES;
				CLANG_WARN_INFINITE_RECURSION = YES;
				CLANG_WARN_INT_CONVERSION = YES;
				CLANG_WARN_NON_LITERAL_NULL_CONVERSION = YES;
				CLANG_WARN_OBJC_IMPLICIT_RETAIN_SELF = YES;
				CLANG_WARN_OBJC_LITERAL_CONVERSION = YES;
				CLANG_WARN_OBJC_ROOT_CLASS = YES_ERROR;
				CLANG_WARN_QUOTED_INCLUDE_IN_FRAMEWORK_HEADER = YES;
				CLANG_WARN_RANGE_LOOP_ANALYSIS = YES;
				CLANG_WARN_STRICT_PROTOTYPES = YES;
				CLANG_WARN_SUSPICIOUS_MOVE = YES;
				CLANG_WARN_UNGUARDED_AVAILABILITY = YES_AGGRESSIVE;
				CLANG_WARN_UNREACHABLE_CODE = YES;
				CLANG_WARN__DUPLICATE_METHOD_MATCH = YES;
				COPY_PHASE_STRIP = NO;
				DEBUG_INFORMATION_FORMAT = dwarf;
				ENABLE_STRICT_OBJC_MSGSEND = YES;
				ENABLE_TESTABILITY = YES;
				ENABLE_USER_SCRIPT_SANDBOXING = YES;
				GCC_C_LANGUAGE_STANDARD = gnu17;
				GCC_DYNAMIC_NO_PIC = NO;
				GCC_NO_COMMON_BLOCKS = YES;
				GCC_OPTIMIZATION_LEVEL = 0;
				GCC_PREPROCESSOR_DEFINITIONS = (
					"DEBUG=1",
					"$(inherited)",
				);
				GCC_WARN_64_TO_32_BIT_CONVERSION = YES;
				GCC_WARN_ABOUT_RETURN_TYPE = YES_ERROR;
				GCC_WARN_UNDECLARED_SELECTOR = YES;
				GCC_WARN_UNINITIALIZED_AUTOS = YES_AGGRESSIVE;
				GCC_WARN_UNUSED_FUNCTION = YES;
				GCC_WARN_UNUSED_VARIABLE = YES;
				IPHONEOS_DEPLOYMENT_TARGET = 17.5;
				LOCALIZATION_PREFERS_STRING_CATALOGS = YES;
				MTL_ENABLE_DEBUG_INFO = INCLUDE_SOURCE;
				MTL_FAST_MATH = YES;
				ONLY_ACTIVE_ARCH = YES;
				SDKROOT = iphoneos;
				SWIFT_ACTIVE_COMPILATION_CONDITIONS = "DEBUG $(inherited)";
				SWIFT_OPTIMIZATION_LEVEL = "-Onone";
			};
			name = Debug;
		};
		ACE1ABFE2C16325500EBF20C /* Release */ = {
			isa = XCBuildConfiguration;
			buildSettings = {
				ALWAYS_SEARCH_USER_PATHS = NO;
				ASSETCATALOG_COMPILER_GENERATE_SWIFT_ASSET_SYMBOL_EXTENSIONS = YES;
				CLANG_ANALYZER_NONNULL = YES;
				CLANG_ANALYZER_NUMBER_OBJECT_CONVERSION = YES_AGGRESSIVE;
				CLANG_CXX_LANGUAGE_STANDARD = "gnu++20";
				CLANG_ENABLE_MODULES = YES;
				CLANG_ENABLE_OBJC_ARC = YES;
				CLANG_ENABLE_OBJC_WEAK = YES;
				CLANG_WARN_BLOCK_CAPTURE_AUTORELEASING = YES;
				CLANG_WARN_BOOL_CONVERSION = YES;
				CLANG_WARN_COMMA = YES;
				CLANG_WARN_CONSTANT_CONVERSION = YES;
				CLANG_WARN_DEPRECATED_OBJC_IMPLEMENTATIONS = YES;
				CLANG_WARN_DIRECT_OBJC_ISA_USAGE = YES_ERROR;
				CLANG_WARN_DOCUMENTATION_COMMENTS = YES;
				CLANG_WARN_EMPTY_BODY = YES;
				CLANG_WARN_ENUM_CONVERSION = YES;
				CLANG_WARN_INFINITE_RECURSION = YES;
				CLANG_WARN_INT_CONVERSION = YES;
				CLANG_WARN_NON_LITERAL_NULL_CONVERSION = YES;
				CLANG_WARN_OBJC_IMPLICIT_RETAIN_SELF = YES;
				CLANG_WARN_OBJC_LITERAL_CONVERSION = YES;
				CLANG_WARN_OBJC_ROOT_CLASS = YES_ERROR;
				CLANG_WARN_QUOTED_INCLUDE_IN_FRAMEWORK_HEADER = YES;
				CLANG_WARN_RANGE_LOOP_ANALYSIS = YES;
				CLANG_WARN_STRICT_PROTOTYPES = YES;
				CLANG_WARN_SUSPICIOUS_MOVE = YES;
				CLANG_WARN_UNGUARDED_AVAILABILITY = YES_AGGRESSIVE;
				CLANG_WARN_UNREACHABLE_CODE = YES;
				CLANG_WARN__DUPLICATE_METHOD_MATCH = YES;
				COPY_PHASE_STRIP = NO;
				DEBUG_INFORMATION_FORMAT = "dwarf-with-dsym";
				ENABLE_NS_ASSERTIONS = NO;
				ENABLE_STRICT_OBJC_MSGSEND = YES;
				ENABLE_USER_SCRIPT_SANDBOXING = YES;
				GCC_C_LANGUAGE_STANDARD = gnu17;
				GCC_NO_COMMON_BLOCKS = YES;
				GCC_WARN_64_TO_32_BIT_CONVERSION = YES;
				GCC_WARN_ABOUT_RETURN_TYPE = YES_ERROR;
				GCC_WARN_UNDECLARED_SELECTOR = YES;
				GCC_WARN_UNINITIALIZED_AUTOS = YES_AGGRESSIVE;
				GCC_WARN_UNUSED_FUNCTION = YES;
				GCC_WARN_UNUSED_VARIABLE = YES;
				IPHONEOS_DEPLOYMENT_TARGET = 17.5;
				LOCALIZATION_PREFERS_STRING_CATALOGS = YES;
				MTL_ENABLE_DEBUG_INFO = NO;
				MTL_FAST_MATH = YES;
				SDKROOT = iphoneos;
				SWIFT_COMPILATION_MODE = wholemodule;
				VALIDATE_PRODUCT = YES;
			};
			name = Release;
		};
		ACE1AC002C16325500EBF20C /* Debug */ = {
			isa = XCBuildConfiguration;
			buildSettings = {
				ASSETCATALOG_COMPILER_APPICON_NAME = AppIcon;
				ASSETCATALOG_COMPILER_GLOBAL_ACCENT_COLOR_NAME = AccentColor;
				CODE_SIGN_STYLE = Automatic;
				CURRENT_PROJECT_VERSION = 1;
				DEVELOPMENT_ASSET_PATHS = "\"BBQrDemo/Preview Content\"";
				DEVELOPMENT_TEAM = 4PZ3NJBYLZ;
				ENABLE_PREVIEWS = YES;
				GENERATE_INFOPLIST_FILE = YES;
				INFOPLIST_KEY_UIApplicationSceneManifest_Generation = YES;
				INFOPLIST_KEY_UIApplicationSupportsIndirectInputEvents = YES;
				INFOPLIST_KEY_UILaunchScreen_Generation = YES;
				INFOPLIST_KEY_UISupportedInterfaceOrientations_iPad = "UIInterfaceOrientationPortrait UIInterfaceOrientationPortraitUpsideDown UIInterfaceOrientationLandscapeLeft UIInterfaceOrientationLandscapeRight";
				INFOPLIST_KEY_UISupportedInterfaceOrientations_iPhone = "UIInterfaceOrientationPortrait UIInterfaceOrientationLandscapeLeft UIInterfaceOrientationLandscapeRight";
				LD_RUNPATH_SEARCH_PATHS = (
					"$(inherited)",
					"@executable_path/Frameworks",
				);
				MARKETING_VERSION = 1.0;
				PRODUCT_BUNDLE_IDENTIFIER = com.bitcoinppl.BBQrDemo;
				PRODUCT_NAME = "$(TARGET_NAME)";
				SWIFT_EMIT_LOC_STRINGS = YES;
				SWIFT_VERSION = 5.0;
				TARGETED_DEVICE_FAMILY = "1,2";
			};
			name = Debug;
		};
		ACE1AC012C16325500EBF20C /* Release */ = {
			isa = XCBuildConfiguration;
			buildSettings = {
				ASSETCATALOG_COMPILER_APPICON_NAME = AppIcon;
				ASSETCATALOG_COMPILER_GLOBAL_ACCENT_COLOR_NAME = AccentColor;
				CODE_SIGN_STYLE = Automatic;
				CURRENT_PROJECT_VERSION = 1;
				DEVELOPMENT_ASSET_PATHS = "\"BBQrDemo/Preview Content\"";
				DEVELOPMENT_TEAM = 4PZ3NJBYLZ;
				ENABLE_PREVIEWS = YES;
				GENERATE_INFOPLIST_FILE = YES;
				INFOPLIST_KEY_UIApplicationSceneManifest_Generation = YES;
				INFOPLIST_KEY_UIApplicationSupportsIndirectInputEvents = YES;
				INFOPLIST_KEY_UILaunchScreen_Generation = YES;
				INFOPLIST_KEY_UISupportedInterfaceOrientations_iPad = "UIInterfaceOrientationPortrait UIInterfaceOrientationPortraitUpsideDown UIInterfaceOrientationLandscapeLeft UIInterfaceOrientationLandscapeRight";
				INFOPLIST_KEY_UISupportedInterfaceOrientations_iPhone = "UIInterfaceOrientationPortrait UIInterfaceOrientationLandscapeLeft UIInterfaceOrientationLandscapeRight";
				LD_RUNPATH_SEARCH_PATHS = (
					"$(inherited)",
					"@executable_path/Frameworks",
				);
				MARKETING_VERSION = 1.0;
				PRODUCT_BUNDLE_IDENTIFIER = com.bitcoinppl.BBQrDemo;
				PRODUCT_NAME = "$(TARGET_NAME)";
				SWIFT_EMIT_LOC_STRINGS = YES;
				SWIFT_VERSION = 5.0;
				TARGETED_DEVICE_FAMILY = "1,2";
			};
			name = Release;
		};
		ACE1AC032C16325500EBF20C /* Debug */ = {
			isa = XCBuildConfiguration;
			buildSettings = {
				ALWAYS_EMBED_SWIFT_STANDARD_LIBRARIES = YES;
				BUNDLE_LOADER = "$(TEST_HOST)";
				CODE_SIGN_STYLE = Automatic;
				CURRENT_PROJECT_VERSION = 1;
				DEVELOPMENT_TEAM = 4PZ3NJBYLZ;
				GENERATE_INFOPLIST_FILE = YES;
				IPHONEOS_DEPLOYMENT_TARGET = 17.5;
				MARKETING_VERSION = 1.0;
				PRODUCT_BUNDLE_IDENTIFIER = com.bitcoinppl.BBQrDemoTests;
				PRODUCT_NAME = "$(TARGET_NAME)";
				SWIFT_EMIT_LOC_STRINGS = NO;
				SWIFT_VERSION = 5.0;
				TARGETED_DEVICE_FAMILY = "1,2";
				TEST_HOST = "$(BUILT_PRODUCTS_DIR)/BBQrDemo.app/$(BUNDLE_EXECUTABLE_FOLDER_PATH)/BBQrDemo";
			};
			name = Debug;
		};
		ACE1AC042C16325500EBF20C /* Release */ = {
			isa = XCBuildConfiguration;
			buildSettings = {
				ALWAYS_EMBED_SWIFT_STANDARD_LIBRARIES = YES;
				BUNDLE_LOADER = "$(TEST_HOST)";
				CODE_SIGN_STYLE = Automatic;
				CURRENT_PROJECT_VERSION = 1;
				DEVELOPMENT_TEAM = 4PZ3NJBYLZ;
				GENERATE_INFOPLIST_FILE = YES;
				IPHONEOS_DEPLOYMENT_TARGET = 17.5;
				MARKETING_VERSION = 1.0;
				PRODUCT_BUNDLE_IDENTIFIER = com.bitcoinppl.BBQrDemoTests;
				PRODUCT_NAME = "$(TARGET_NAME)";
				SWIFT_EMIT_LOC_STRINGS = NO;
				SWIFT_VERSION = 5.0;
				TARGETED_DEVICE_FAMILY = "1,2";
				TEST_HOST = "$(BUILT_PRODUCTS_DIR)/BBQrDemo.app/$(BUNDLE_EXECUTABLE_FOLDER_PATH)/BBQrDemo";
			};
			name = Release;
		};
		ACE1AC062C16325500EBF20C /* Debug */ = {
			isa = XCBuildConfiguration;
			buildSettings = {
				ALWAYS_EMBED_SWIFT_STANDARD_LIBRARIES = YES;
				CODE_SIGN_STYLE = Automatic;
				CURRENT_PROJECT_VERSION = 1;
				DEVELOPMENT_TEAM = 4PZ3NJBYLZ;
				GENERATE_INFOPLIST_FILE = YES;
				MARKETING_VERSION = 1.0;
				PRODUCT_BUNDLE_IDENTIFIER = com.bitcoinppl.BBQrDemoUITests;
				PRODUCT_NAME = "$(TARGET_NAME)";
				SWIFT_EMIT_LOC_STRINGS = NO;
				SWIFT_VERSION = 5.0;
				TARGETED_DEVICE_FAMILY = "1,2";
				TEST_TARGET_NAME = BBQrDemo;
			};
			name = Debug;
		};
		ACE1AC072C16325500EBF20C /* Release */ = {
			isa = XCBuildConfiguration;
			buildSettings = {
				ALWAYS_EMBED_SWIFT_STANDARD_LIBRARIES = YES;
				CODE_SIGN_STYLE = Automatic;
				CURRENT_PROJECT_VERSION = 1;
				DEVELOPMENT_TEAM = 4PZ3NJBYLZ;
				GENERATE_INFOPLIST_FILE = YES;
				MARKETING_VERSION = 1.0;
				PRODUCT_BUNDLE_IDENTIFIER = com.bitcoinppl.BBQrDemoUITests;
				PRODUCT_NAME = "$(TARGET_NAME)";
				SWIFT_EMIT_LOC_STRINGS = NO;
				SWIFT_VERSION = 5.0;
				TARGETED_DEVICE_FAMILY = "1,2";
				TEST_TARGET_NAME = BBQrDemo;
			};
			name = Release;
		};
/* End XCBuildConfiguration section */

/* Begin XCConfigurationList section */
		ACE1ABD62C16325400EBF20C /* Build configuration list for PBXProject "BBQrDemo" */ = {
			isa = XCConfigurationList;
			buildConfigurations = (
				ACE1ABFD2C16325500EBF20C /* Debug */,
				ACE1ABFE2C16325500EBF20C /* Release */,
			);
			defaultConfigurationIsVisible = 0;
			defaultConfigurationName = Release;
		};
		ACE1ABFF2C16325500EBF20C /* Build configuration list for PBXNativeTarget "BBQrDemo" */ = {
			isa = XCConfigurationList;
			buildConfigurations = (
				ACE1AC002C16325500EBF20C /* Debug */,
				ACE1AC012C16325500EBF20C /* Release */,
			);
			defaultConfigurationIsVisible = 0;
			defaultConfigurationName = Release;
		};
		ACE1AC022C16325500EBF20C /* Build configuration list for PBXNativeTarget "BBQrDemoTests" */ = {
			isa = XCConfigurationList;
			buildConfigurations = (
				ACE1AC032C16325500EBF20C /* Debug */,
				ACE1AC042C16325500EBF20C /* Release */,
			);
			defaultConfigurationIsVisible = 0;
			defaultConfigurationName = Release;
		};
		ACE1AC052C16325500EBF20C /* Build configuration list for PBXNativeTarget "BBQrDemoUITests" */ = {
			isa = XCConfigurationList;
			buildConfigurations = (
				ACE1AC062C16325500EBF20C /* Debug */,
				ACE1AC072C16325500EBF20C /* Release */,
			);
			defaultConfigurationIsVisible = 0;
			defaultConfigurationName = Release;
		};
/* End XCConfigurationList section */

/* Begin XCLocalSwiftPackageReference section */
		ACE1AC082C16326900EBF20C /* XCLocalSwiftPackageReference "../../../bbqr-swift" */ = {
			isa = XCLocalSwiftPackageReference;
			relativePath = "../../../bbqr-swift";
		};
/* End XCLocalSwiftPackageReference section */

/* Begin XCSwiftPackageProductDependency section */
		ACE1AC092C16326900EBF20C /* Bbqr */ = {
			isa = XCSwiftPackageProductDependency;
			productName = Bbqr;
		};
/* End XCSwiftPackageProductDependency section */
	};
	rootObject = ACE1ABD32C16325400EBF20C /* Project object */;
}
