// !$*UTF8*$!
{
	archiveVersion = 1;
	classes = {
	};
	objectVersion = 60;
	objects = {

/* Begin PBXBuildFile section */
		AC328BFE2C12AB190053A21A /* QrDemoApp.swift in Sources */ = {isa = PBXBuildFile; fileRef = AC328BFD2C12AB190053A21A /* QrDemoApp.swift */; };
		AC328C002C12AB190053A21A /* ContentView.swift in Sources */ = {isa = PBXBuildFile; fileRef = AC328BFF2C12AB190053A21A /* ContentView.swift */; };
		AC328C022C12AB1A0053A21A /* Assets.xcassets in Resources */ = {isa = PBXBuildFile; fileRef = AC328C012C12AB1A0053A21A /* Assets.xcassets */; };
		AC328C052C12AB1A0053A21A /* Preview Assets.xcassets in Resources */ = {isa = PBXBuildFile; fileRef = AC328C042C12AB1A0053A21A /* Preview Assets.xcassets */; };
		AC328C0F2C12AB1A0053A21A /* QrDemoTests.swift in Sources */ = {isa = PBXBuildFile; fileRef = AC328C0E2C12AB1A0053A21A /* QrDemoTests.swift */; };
		AC328C192C12AB1A0053A21A /* QrDemoUITests.swift in Sources */ = {isa = PBXBuildFile; fileRef = AC328C182C12AB1A0053A21A /* QrDemoUITests.swift */; };
		AC328C1B2C12AB1A0053A21A /* QrDemoUITestsLaunchTests.swift in Sources */ = {isa = PBXBuildFile; fileRef = AC328C1A2C12AB1A0053A21A /* QrDemoUITestsLaunchTests.swift */; };
/* End PBXBuildFile section */

/* Begin PBXContainerItemProxy section */
		AC328C0B2C12AB1A0053A21A /* PBXContainerItemProxy */ = {
			isa = PBXContainerItemProxy;
			containerPortal = AC328BF22C12AB190053A21A /* Project object */;
			proxyType = 1;
			remoteGlobalIDString = AC328BF92C12AB190053A21A;
			remoteInfo = QrDemo;
		};
		AC328C152C12AB1A0053A21A /* PBXContainerItemProxy */ = {
			isa = PBXContainerItemProxy;
			containerPortal = AC328BF22C12AB190053A21A /* Project object */;
			proxyType = 1;
			remoteGlobalIDString = AC328BF92C12AB190053A21A;
			remoteInfo = QrDemo;
		};
/* End PBXContainerItemProxy section */

/* Begin PBXFileReference section */
		AC328BFA2C12AB190053A21A /* QrDemo.app */ = {isa = PBXFileReference; explicitFileType = wrapper.application; includeInIndex = 0; path = QrDemo.app; sourceTree = BUILT_PRODUCTS_DIR; };
		AC328BFD2C12AB190053A21A /* QrDemoApp.swift */ = {isa = PBXFileReference; lastKnownFileType = sourcecode.swift; path = QrDemoApp.swift; sourceTree = "<group>"; };
		AC328BFF2C12AB190053A21A /* ContentView.swift */ = {isa = PBXFileReference; lastKnownFileType = sourcecode.swift; path = ContentView.swift; sourceTree = "<group>"; };
		AC328C012C12AB1A0053A21A /* Assets.xcassets */ = {isa = PBXFileReference; lastKnownFileType = folder.assetcatalog; path = Assets.xcassets; sourceTree = "<group>"; };
		AC328C042C12AB1A0053A21A /* Preview Assets.xcassets */ = {isa = PBXFileReference; lastKnownFileType = folder.assetcatalog; path = "Preview Assets.xcassets"; sourceTree = "<group>"; };
		AC328C0A2C12AB1A0053A21A /* QrDemoTests.xctest */ = {isa = PBXFileReference; explicitFileType = wrapper.cfbundle; includeInIndex = 0; path = QrDemoTests.xctest; sourceTree = BUILT_PRODUCTS_DIR; };
		AC328C0E2C12AB1A0053A21A /* QrDemoTests.swift */ = {isa = PBXFileReference; lastKnownFileType = sourcecode.swift; path = QrDemoTests.swift; sourceTree = "<group>"; };
		AC328C142C12AB1A0053A21A /* QrDemoUITests.xctest */ = {isa = PBXFileReference; explicitFileType = wrapper.cfbundle; includeInIndex = 0; path = QrDemoUITests.xctest; sourceTree = BUILT_PRODUCTS_DIR; };
		AC328C182C12AB1A0053A21A /* QrDemoUITests.swift */ = {isa = PBXFileReference; lastKnownFileType = sourcecode.swift; path = QrDemoUITests.swift; sourceTree = "<group>"; };
		AC328C1A2C12AB1A0053A21A /* QrDemoUITestsLaunchTests.swift */ = {isa = PBXFileReference; lastKnownFileType = sourcecode.swift; path = QrDemoUITestsLaunchTests.swift; sourceTree = "<group>"; };
/* End PBXFileReference section */

/* Begin PBXFrameworksBuildPhase section */
		AC328BF72C12AB190053A21A /* Frameworks */ = {
			isa = PBXFrameworksBuildPhase;
			buildActionMask = 2147483647;
			files = (
			);
			runOnlyForDeploymentPostprocessing = 0;
		};
		AC328C072C12AB1A0053A21A /* Frameworks */ = {
			isa = PBXFrameworksBuildPhase;
			buildActionMask = 2147483647;
			files = (
			);
			runOnlyForDeploymentPostprocessing = 0;
		};
		AC328C112C12AB1A0053A21A /* Frameworks */ = {
			isa = PBXFrameworksBuildPhase;
			buildActionMask = 2147483647;
			files = (
			);
			runOnlyForDeploymentPostprocessing = 0;
		};
/* End PBXFrameworksBuildPhase section */

/* Begin PBXGroup section */
		AC328BF12C12AB190053A21A = {
			isa = PBXGroup;
			children = (
				AC328BFC2C12AB190053A21A /* QrDemo */,
				AC328C0D2C12AB1A0053A21A /* QrDemoTests */,
				AC328C172C12AB1A0053A21A /* QrDemoUITests */,
				AC328BFB2C12AB190053A21A /* Products */,
			);
			sourceTree = "<group>";
		};
		AC328BFB2C12AB190053A21A /* Products */ = {
			isa = PBXGroup;
			children = (
				AC328BFA2C12AB190053A21A /* QrDemo.app */,
				AC328C0A2C12AB1A0053A21A /* QrDemoTests.xctest */,
				AC328C142C12AB1A0053A21A /* QrDemoUITests.xctest */,
			);
			name = Products;
			sourceTree = "<group>";
		};
		AC328BFC2C12AB190053A21A /* QrDemo */ = {
			isa = PBXGroup;
			children = (
				AC328BFD2C12AB190053A21A /* QrDemoApp.swift */,
				AC328BFF2C12AB190053A21A /* ContentView.swift */,
				AC328C012C12AB1A0053A21A /* Assets.xcassets */,
				AC328C032C12AB1A0053A21A /* Preview Content */,
			);
			path = QrDemo;
			sourceTree = "<group>";
		};
		AC328C032C12AB1A0053A21A /* Preview Content */ = {
			isa = PBXGroup;
			children = (
				AC328C042C12AB1A0053A21A /* Preview Assets.xcassets */,
			);
			path = "Preview Content";
			sourceTree = "<group>";
		};
		AC328C0D2C12AB1A0053A21A /* QrDemoTests */ = {
			isa = PBXGroup;
			children = (
				AC328C0E2C12AB1A0053A21A /* QrDemoTests.swift */,
			);
			path = QrDemoTests;
			sourceTree = "<group>";
		};
		AC328C172C12AB1A0053A21A /* QrDemoUITests */ = {
			isa = PBXGroup;
			children = (
				AC328C182C12AB1A0053A21A /* QrDemoUITests.swift */,
				AC328C1A2C12AB1A0053A21A /* QrDemoUITestsLaunchTests.swift */,
			);
			path = QrDemoUITests;
			sourceTree = "<group>";
		};
/* End PBXGroup section */

/* Begin PBXNativeTarget section */
		AC328BF92C12AB190053A21A /* QrDemo */ = {
			isa = PBXNativeTarget;
			buildConfigurationList = AC328C1E2C12AB1A0053A21A /* Build configuration list for PBXNativeTarget "QrDemo" */;
			buildPhases = (
				AC328BF62C12AB190053A21A /* Sources */,
				AC328BF72C12AB190053A21A /* Frameworks */,
				AC328BF82C12AB190053A21A /* Resources */,
			);
			buildRules = (
			);
			dependencies = (
			);
			name = QrDemo;
			productName = QrDemo;
			productReference = AC328BFA2C12AB190053A21A /* QrDemo.app */;
			productType = "com.apple.product-type.application";
		};
		AC328C092C12AB1A0053A21A /* QrDemoTests */ = {
			isa = PBXNativeTarget;
			buildConfigurationList = AC328C212C12AB1A0053A21A /* Build configuration list for PBXNativeTarget "QrDemoTests" */;
			buildPhases = (
				AC328C062C12AB1A0053A21A /* Sources */,
				AC328C072C12AB1A0053A21A /* Frameworks */,
				AC328C082C12AB1A0053A21A /* Resources */,
			);
			buildRules = (
			);
			dependencies = (
				AC328C0C2C12AB1A0053A21A /* PBXTargetDependency */,
			);
			name = QrDemoTests;
			productName = QrDemoTests;
			productReference = AC328C0A2C12AB1A0053A21A /* QrDemoTests.xctest */;
			productType = "com.apple.product-type.bundle.unit-test";
		};
		AC328C132C12AB1A0053A21A /* QrDemoUITests */ = {
			isa = PBXNativeTarget;
			buildConfigurationList = AC328C242C12AB1A0053A21A /* Build configuration list for PBXNativeTarget "QrDemoUITests" */;
			buildPhases = (
				AC328C102C12AB1A0053A21A /* Sources */,
				AC328C112C12AB1A0053A21A /* Frameworks */,
				AC328C122C12AB1A0053A21A /* Resources */,
			);
			buildRules = (
			);
			dependencies = (
				AC328C162C12AB1A0053A21A /* PBXTargetDependency */,
			);
			name = QrDemoUITests;
			productName = QrDemoUITests;
			productReference = AC328C142C12AB1A0053A21A /* QrDemoUITests.xctest */;
			productType = "com.apple.product-type.bundle.ui-testing";
		};
/* End PBXNativeTarget section */

/* Begin PBXProject section */
		AC328BF22C12AB190053A21A /* Project object */ = {
			isa = PBXProject;
			attributes = {
				BuildIndependentTargetsInParallel = 1;
				LastSwiftUpdateCheck = 1540;
				LastUpgradeCheck = 1540;
				TargetAttributes = {
					AC328BF92C12AB190053A21A = {
						CreatedOnToolsVersion = 15.4;
					};
					AC328C092C12AB1A0053A21A = {
						CreatedOnToolsVersion = 15.4;
						TestTargetID = AC328BF92C12AB190053A21A;
					};
					AC328C132C12AB1A0053A21A = {
						CreatedOnToolsVersion = 15.4;
						TestTargetID = AC328BF92C12AB190053A21A;
					};
				};
			};
			buildConfigurationList = AC328BF52C12AB190053A21A /* Build configuration list for PBXProject "QrDemo" */;
			compatibilityVersion = "Xcode 14.0";
			developmentRegion = en;
			hasScannedForEncodings = 0;
			knownRegions = (
				en,
				Base,
			);
			mainGroup = AC328BF12C12AB190053A21A;
			packageReferences = (
				AC328C272C13572A0053A21A /* XCLocalSwiftPackageReference "../../../bbqr-swift" */,
			);
			productRefGroup = AC328BFB2C12AB190053A21A /* Products */;
			projectDirPath = "";
			projectRoot = "";
			targets = (
				AC328BF92C12AB190053A21A /* QrDemo */,
				AC328C092C12AB1A0053A21A /* QrDemoTests */,
				AC328C132C12AB1A0053A21A /* QrDemoUITests */,
			);
		};
/* End PBXProject section */

/* Begin PBXResourcesBuildPhase section */
		AC328BF82C12AB190053A21A /* Resources */ = {
			isa = PBXResourcesBuildPhase;
			buildActionMask = 2147483647;
			files = (
				AC328C052C12AB1A0053A21A /* Preview Assets.xcassets in Resources */,
				AC328C022C12AB1A0053A21A /* Assets.xcassets in Resources */,
			);
			runOnlyForDeploymentPostprocessing = 0;
		};
		AC328C082C12AB1A0053A21A /* Resources */ = {
			isa = PBXResourcesBuildPhase;
			buildActionMask = 2147483647;
			files = (
			);
			runOnlyForDeploymentPostprocessing = 0;
		};
		AC328C122C12AB1A0053A21A /* Resources */ = {
			isa = PBXResourcesBuildPhase;
			buildActionMask = 2147483647;
			files = (
			);
			runOnlyForDeploymentPostprocessing = 0;
		};
/* End PBXResourcesBuildPhase section */

/* Begin PBXSourcesBuildPhase section */
		AC328BF62C12AB190053A21A /* Sources */ = {
			isa = PBXSourcesBuildPhase;
			buildActionMask = 2147483647;
			files = (
				AC328C002C12AB190053A21A /* ContentView.swift in Sources */,
				AC328BFE2C12AB190053A21A /* QrDemoApp.swift in Sources */,
			);
			runOnlyForDeploymentPostprocessing = 0;
		};
		AC328C062C12AB1A0053A21A /* Sources */ = {
			isa = PBXSourcesBuildPhase;
			buildActionMask = 2147483647;
			files = (
				AC328C0F2C12AB1A0053A21A /* QrDemoTests.swift in Sources */,
			);
			runOnlyForDeploymentPostprocessing = 0;
		};
		AC328C102C12AB1A0053A21A /* Sources */ = {
			isa = PBXSourcesBuildPhase;
			buildActionMask = 2147483647;
			files = (
				AC328C1B2C12AB1A0053A21A /* QrDemoUITestsLaunchTests.swift in Sources */,
				AC328C192C12AB1A0053A21A /* QrDemoUITests.swift in Sources */,
			);
			runOnlyForDeploymentPostprocessing = 0;
		};
/* End PBXSourcesBuildPhase section */

/* Begin PBXTargetDependency section */
		AC328C0C2C12AB1A0053A21A /* PBXTargetDependency */ = {
			isa = PBXTargetDependency;
			target = AC328BF92C12AB190053A21A /* QrDemo */;
			targetProxy = AC328C0B2C12AB1A0053A21A /* PBXContainerItemProxy */;
		};
		AC328C162C12AB1A0053A21A /* PBXTargetDependency */ = {
			isa = PBXTargetDependency;
			target = AC328BF92C12AB190053A21A /* QrDemo */;
			targetProxy = AC328C152C12AB1A0053A21A /* PBXContainerItemProxy */;
		};
/* End PBXTargetDependency section */

/* Begin XCBuildConfiguration section */
		AC328C1C2C12AB1A0053A21A /* Debug */ = {
			isa = XCBuildConfiguration;
			buildSettings = {
				ALWAYS_SEARCH_USER_PATHS = NO;
				ASSETCATALOG_COMPILER_GENERATE_SWIFT_ASSET_SYMBOL_EXTENSIONS = YES;
				CLANG_ANALYZER_NONNULL = YES;
				CLANG_ANALYZER_NUMBER_OBJECT_CONVERSION = YES_AGGRESSIVE;
				CLANG_CXX_LANGUAGE_STANDARD = "gnu++20";
				CLANG_ENABLE_MODULES = YES;
				CLANG_ENABLE_OBJC_ARC = YES;
				CLANG_ENABLE_OBJC_WEAK = YES;
				CLANG_WARN_BLOCK_CAPTURE_AUTORELEASING = YES;
				CLANG_WARN_BOOL_CONVERSION = YES;
				CLANG_WARN_COMMA = YES;
				CLANG_WARN_CONSTANT_CONVERSION = YES;
				CLANG_WARN_DEPRECATED_OBJC_IMPLEMENTATIONS = YES;
				CLANG_WARN_DIRECT_OBJC_ISA_USAGE = YES_ERROR;
				CLANG_WARN_DOCUMENTATION_COMMENTS = YES;
				CLANG_WARN_EMPTY_BODY = YES;
				CLANG_WARN_ENUM_CONVERSION = YES;
				CLANG_WARN_INFINITE_RECURSION = YES;
				CLANG_WARN_INT_CONVERSION = YES;
				CLANG_WARN_NON_LITERAL_NULL_CONVERSION = YES;
				CLANG_WARN_OBJC_IMPLICIT_RETAIN_SELF = YES;
				CLANG_WARN_OBJC_LITERAL_CONVERSION = YES;
				CLANG_WARN_OBJC_ROOT_CLASS = YES_ERROR;
				CLANG_WARN_QUOTED_INCLUDE_IN_FRAMEWORK_HEADER = YES;
				CLANG_WARN_RANGE_LOOP_ANALYSIS = YES;
				CLANG_WARN_STRICT_PROTOTYPES = YES;
				CLANG_WARN_SUSPICIOUS_MOVE = YES;
				CLANG_WARN_UNGUARDED_AVAILABILITY = YES_AGGRESSIVE;
				CLANG_WARN_UNREACHABLE_CODE = YES;
				CLANG_WARN__DUPLICATE_METHOD_MATCH = YES;
				COPY_PHASE_STRIP = NO;
				DEBUG_INFORMATION_FORMAT = dwarf;
				ENABLE_STRICT_OBJC_MSGSEND = YES;
				ENABLE_TESTABILITY = YES;
				ENABLE_USER_SCRIPT_SANDBOXING = YES;
				GCC_C_LANGUAGE_STANDARD = gnu17;
				GCC_DYNAMIC_NO_PIC = NO;
				GCC_NO_COMMON_BLOCKS = YES;
				GCC_OPTIMIZATION_LEVEL = 0;
				GCC_PREPROCESSOR_DEFINITIONS = (
					"DEBUG=1",
					"$(inherited)",
				);
				GCC_WARN_64_TO_32_BIT_CONVERSION = YES;
				GCC_WARN_ABOUT_RETURN_TYPE = YES_ERROR;
				GCC_WARN_UNDECLARED_SELECTOR = YES;
				GCC_WARN_UNINITIALIZED_AUTOS = YES_AGGRESSIVE;
				GCC_WARN_UNUSED_FUNCTION = YES;
				GCC_WARN_UNUSED_VARIABLE = YES;
				IPHONEOS_DEPLOYMENT_TARGET = 17.5;
				LOCALIZATION_PREFERS_STRING_CATALOGS = YES;
				MTL_ENABLE_DEBUG_INFO = INCLUDE_SOURCE;
				MTL_FAST_MATH = YES;
				ONLY_ACTIVE_ARCH = YES;
				SDKROOT = iphoneos;
				SWIFT_ACTIVE_COMPILATION_CONDITIONS = "DEBUG $(inherited)";
				SWIFT_OPTIMIZATION_LEVEL = "-Onone";
			};
			name = Debug;
		};
		AC328C1D2C12AB1A0053A21A /* Release */ = {
			isa = XCBuildConfiguration;
			buildSettings = {
				ALWAYS_SEARCH_USER_PATHS = NO;
				ASSETCATALOG_COMPILER_GENERATE_SWIFT_ASSET_SYMBOL_EXTENSIONS = YES;
				CLANG_ANALYZER_NONNULL = YES;
				CLANG_ANALYZER_NUMBER_OBJECT_CONVERSION = YES_AGGRESSIVE;
				CLANG_CXX_LANGUAGE_STANDARD = "gnu++20";
				CLANG_ENABLE_MODULES = YES;
				CLANG_ENABLE_OBJC_ARC = YES;
				CLANG_ENABLE_OBJC_WEAK = YES;
				CLANG_WARN_BLOCK_CAPTURE_AUTORELEASING = YES;
				CLANG_WARN_BOOL_CONVERSION = YES;
				CLANG_WARN_COMMA = YES;
				CLANG_WARN_CONSTANT_CONVERSION = YES;
				CLANG_WARN_DEPRECATED_OBJC_IMPLEMENTATIONS = YES;
				CLANG_WARN_DIRECT_OBJC_ISA_USAGE = YES_ERROR;
				CLANG_WARN_DOCUMENTATION_COMMENTS = YES;
				CLANG_WARN_EMPTY_BODY = YES;
				CLANG_WARN_ENUM_CONVERSION = YES;
				CLANG_WARN_INFINITE_RECURSION = YES;
				CLANG_WARN_INT_CONVERSION = YES;
				CLANG_WARN_NON_LITERAL_NULL_CONVERSION = YES;
				CLANG_WARN_OBJC_IMPLICIT_RETAIN_SELF = YES;
				CLANG_WARN_OBJC_LITERAL_CONVERSION = YES;
				CLANG_WARN_OBJC_ROOT_CLASS = YES_ERROR;
				CLANG_WARN_QUOTED_INCLUDE_IN_FRAMEWORK_HEADER = YES;
				CLANG_WARN_RANGE_LOOP_ANALYSIS = YES;
				CLANG_WARN_STRICT_PROTOTYPES = YES;
				CLANG_WARN_SUSPICIOUS_MOVE = YES;
				CLANG_WARN_UNGUARDED_AVAILABILITY = YES_AGGRESSIVE;
				CLANG_WARN_UNREACHABLE_CODE = YES;
				CLANG_WARN__DUPLICATE_METHOD_MATCH = YES;
				COPY_PHASE_STRIP = NO;
				DEBUG_INFORMATION_FORMAT = "dwarf-with-dsym";
				ENABLE_NS_ASSERTIONS = NO;
				ENABLE_STRICT_OBJC_MSGSEND = YES;
				ENABLE_USER_SCRIPT_SANDBOXING = YES;
				GCC_C_LANGUAGE_STANDARD = gnu17;
				GCC_NO_COMMON_BLOCKS = YES;
				GCC_WARN_64_TO_32_BIT_CONVERSION = YES;
				GCC_WARN_ABOUT_RETURN_TYPE = YES_ERROR;
				GCC_WARN_UNDECLARED_SELECTOR = YES;
				GCC_WARN_UNINITIALIZED_AUTOS = YES_AGGRESSIVE;
				GCC_WARN_UNUSED_FUNCTION = YES;
				GCC_WARN_UNUSED_VARIABLE = YES;
				IPHONEOS_DEPLOYMENT_TARGET = 17.5;
				LOCALIZATION_PREFERS_STRING_CATALOGS = YES;
				MTL_ENABLE_DEBUG_INFO = NO;
				MTL_FAST_MATH = YES;
				SDKROOT = iphoneos;
				SWIFT_COMPILATION_MODE = wholemodule;
				VALIDATE_PRODUCT = YES;
			};
			name = Release;
		};
		AC328C1F2C12AB1A0053A21A /* Debug */ = {
			isa = XCBuildConfiguration;
			buildSettings = {
				ASSETCATALOG_COMPILER_APPICON_NAME = AppIcon;
				ASSETCATALOG_COMPILER_GLOBAL_ACCENT_COLOR_NAME = AccentColor;
				CODE_SIGN_STYLE = Automatic;
				CURRENT_PROJECT_VERSION = 1;
				DEVELOPMENT_ASSET_PATHS = "\"QrDemo/Preview Content\"";
				DEVELOPMENT_TEAM = 4PZ3NJBYLZ;
				ENABLE_PREVIEWS = YES;
				GENERATE_INFOPLIST_FILE = YES;
				INFOPLIST_KEY_UIApplicationSceneManifest_Generation = YES;
				INFOPLIST_KEY_UIApplicationSupportsIndirectInputEvents = YES;
				INFOPLIST_KEY_UILaunchScreen_Generation = YES;
				INFOPLIST_KEY_UISupportedInterfaceOrientations_iPad = "UIInterfaceOrientationPortrait UIInterfaceOrientationPortraitUpsideDown UIInterfaceOrientationLandscapeLeft UIInterfaceOrientationLandscapeRight";
				INFOPLIST_KEY_UISupportedInterfaceOrientations_iPhone = "UIInterfaceOrientationPortrait UIInterfaceOrientationLandscapeLeft UIInterfaceOrientationLandscapeRight";
				LD_RUNPATH_SEARCH_PATHS = (
					"$(inherited)",
					"@executable_path/Frameworks",
				);
				MARKETING_VERSION = 1.0;
				PRODUCT_BUNDLE_IDENTIFIER = com.bitcoinppl.QrDemo;
				PRODUCT_NAME = "$(TARGET_NAME)";
				SWIFT_EMIT_LOC_STRINGS = YES;
				SWIFT_VERSION = 5.0;
				TARGETED_DEVICE_FAMILY = "1,2";
			};
			name = Debug;
		};
		AC328C202C12AB1A0053A21A /* Release */ = {
			isa = XCBuildConfiguration;
			buildSettings = {
				ASSETCATALOG_COMPILER_APPICON_NAME = AppIcon;
				ASSETCATALOG_COMPILER_GLOBAL_ACCENT_COLOR_NAME = AccentColor;
				CODE_SIGN_STYLE = Automatic;
				CURRENT_PROJECT_VERSION = 1;
				DEVELOPMENT_ASSET_PATHS = "\"QrDemo/Preview Content\"";
				DEVELOPMENT_TEAM = 4PZ3NJBYLZ;
				ENABLE_PREVIEWS = YES;
				GENERATE_INFOPLIST_FILE = YES;
				INFOPLIST_KEY_UIApplicationSceneManifest_Generation = YES;
				INFOPLIST_KEY_UIApplicationSupportsIndirectInputEvents = YES;
				INFOPLIST_KEY_UILaunchScreen_Generation = YES;
				INFOPLIST_KEY_UISupportedInterfaceOrientations_iPad = "UIInterfaceOrientationPortrait UIInterfaceOrientationPortraitUpsideDown UIInterfaceOrientationLandscapeLeft UIInterfaceOrientationLandscapeRight";
				INFOPLIST_KEY_UISupportedInterfaceOrientations_iPhone = "UIInterfaceOrientationPortrait UIInterfaceOrientationLandscapeLeft UIInterfaceOrientationLandscapeRight";
				LD_RUNPATH_SEARCH_PATHS = (
					"$(inherited)",
					"@executable_path/Frameworks",
				);
				MARKETING_VERSION = 1.0;
				PRODUCT_BUNDLE_IDENTIFIER = com.bitcoinppl.QrDemo;
				PRODUCT_NAME = "$(TARGET_NAME)";
				SWIFT_EMIT_LOC_STRINGS = YES;
				SWIFT_VERSION = 5.0;
				TARGETED_DEVICE_FAMILY = "1,2";
			};
			name = Release;
		};
		AC328C222C12AB1A0053A21A /* Debug */ = {
			isa = XCBuildConfiguration;
			buildSettings = {
				ALWAYS_EMBED_SWIFT_STANDARD_LIBRARIES = YES;
				BUNDLE_LOADER = "$(TEST_HOST)";
				CODE_SIGN_STYLE = Automatic;
				CURRENT_PROJECT_VERSION = 1;
				DEVELOPMENT_TEAM = 4PZ3NJBYLZ;
				GENERATE_INFOPLIST_FILE = YES;
				IPHONEOS_DEPLOYMENT_TARGET = 17.5;
				MARKETING_VERSION = 1.0;
				PRODUCT_BUNDLE_IDENTIFIER = com.bitcoinppl.QrDemoTests;
				PRODUCT_NAME = "$(TARGET_NAME)";
				SWIFT_EMIT_LOC_STRINGS = NO;
				SWIFT_VERSION = 5.0;
				TARGETED_DEVICE_FAMILY = "1,2";
				TEST_HOST = "$(BUILT_PRODUCTS_DIR)/QrDemo.app/$(BUNDLE_EXECUTABLE_FOLDER_PATH)/QrDemo";
			};
			name = Debug;
		};
		AC328C232C12AB1A0053A21A /* Release */ = {
			isa = XCBuildConfiguration;
			buildSettings = {
				ALWAYS_EMBED_SWIFT_STANDARD_LIBRARIES = YES;
				BUNDLE_LOADER = "$(TEST_HOST)";
				CODE_SIGN_STYLE = Automatic;
				CURRENT_PROJECT_VERSION = 1;
				DEVELOPMENT_TEAM = 4PZ3NJBYLZ;
				GENERATE_INFOPLIST_FILE = YES;
				IPHONEOS_DEPLOYMENT_TARGET = 17.5;
				MARKETING_VERSION = 1.0;
				PRODUCT_BUNDLE_IDENTIFIER = com.bitcoinppl.QrDemoTests;
				PRODUCT_NAME = "$(TARGET_NAME)";
				SWIFT_EMIT_LOC_STRINGS = NO;
				SWIFT_VERSION = 5.0;
				TARGETED_DEVICE_FAMILY = "1,2";
				TEST_HOST = "$(BUILT_PRODUCTS_DIR)/QrDemo.app/$(BUNDLE_EXECUTABLE_FOLDER_PATH)/QrDemo";
			};
			name = Release;
		};
		AC328C252C12AB1A0053A21A /* Debug */ = {
			isa = XCBuildConfiguration;
			buildSettings = {
				ALWAYS_EMBED_SWIFT_STANDARD_LIBRARIES = YES;
				CODE_SIGN_STYLE = Automatic;
				CURRENT_PROJECT_VERSION = 1;
				DEVELOPMENT_TEAM = 4PZ3NJBYLZ;
				GENERATE_INFOPLIST_FILE = YES;
				MARKETING_VERSION = 1.0;
				PRODUCT_BUNDLE_IDENTIFIER = com.bitcoinppl.QrDemoUITests;
				PRODUCT_NAME = "$(TARGET_NAME)";
				SWIFT_EMIT_LOC_STRINGS = NO;
				SWIFT_VERSION = 5.0;
				TARGETED_DEVICE_FAMILY = "1,2";
				TEST_TARGET_NAME = QrDemo;
			};
			name = Debug;
		};
		AC328C262C12AB1A0053A21A /* Release */ = {
			isa = XCBuildConfiguration;
			buildSettings = {
				ALWAYS_EMBED_SWIFT_STANDARD_LIBRARIES = YES;
				CODE_SIGN_STYLE = Automatic;
				CURRENT_PROJECT_VERSION = 1;
				DEVELOPMENT_TEAM = 4PZ3NJBYLZ;
				GENERATE_INFOPLIST_FILE = YES;
				MARKETING_VERSION = 1.0;
				PRODUCT_BUNDLE_IDENTIFIER = com.bitcoinppl.QrDemoUITests;
				PRODUCT_NAME = "$(TARGET_NAME)";
				SWIFT_EMIT_LOC_STRINGS = NO;
				SWIFT_VERSION = 5.0;
				TARGETED_DEVICE_FAMILY = "1,2";
				TEST_TARGET_NAME = QrDemo;
			};
			name = Release;
		};
/* End XCBuildConfiguration section */

/* Begin XCConfigurationList section */
		AC328BF52C12AB190053A21A /* Build configuration list for PBXProject "QrDemo" */ = {
			isa = XCConfigurationList;
			buildConfigurations = (
				AC328C1C2C12AB1A0053A21A /* Debug */,
				AC328C1D2C12AB1A0053A21A /* Release */,
			);
			defaultConfigurationIsVisible = 0;
			defaultConfigurationName = Release;
		};
		AC328C1E2C12AB1A0053A21A /* Build configuration list for PBXNativeTarget "QrDemo" */ = {
			isa = XCConfigurationList;
			buildConfigurations = (
				AC328C1F2C12AB1A0053A21A /* Debug */,
				AC328C202C12AB1A0053A21A /* Release */,
			);
			defaultConfigurationIsVisible = 0;
			defaultConfigurationName = Release;
		};
		AC328C212C12AB1A0053A21A /* Build configuration list for PBXNativeTarget "QrDemoTests" */ = {
			isa = XCConfigurationList;
			buildConfigurations = (
				AC328C222C12AB1A0053A21A /* Debug */,
				AC328C232C12AB1A0053A21A /* Release */,
			);
			defaultConfigurationIsVisible = 0;
			defaultConfigurationName = Release;
		};
		AC328C242C12AB1A0053A21A /* Build configuration list for PBXNativeTarget "QrDemoUITests" */ = {
			isa = XCConfigurationList;
			buildConfigurations = (
				AC328C252C12AB1A0053A21A /* Debug */,
				AC328C262C12AB1A0053A21A /* Release */,
			);
			defaultConfigurationIsVisible = 0;
			defaultConfigurationName = Release;
		};
/* End XCConfigurationList section */

/* Begin XCLocalSwiftPackageReference section */
		AC328C272C13572A0053A21A /* XCLocalSwiftPackageReference "../../../bbqr-swift" */ = {
			isa = XCLocalSwiftPackageReference;
			relativePath = "../../../bbqr-swift";
		};
/* End XCLocalSwiftPackageReference section */
	};
	rootObject = AC328BF22C12AB190053A21A /* Project object */;
}
